// !$*UTF8*$!
{
	archiveVersion = 1;
	classes = {
	};
	objectVersion = 56;
	objects = {

/* Begin PBXBuildFile section */
		01014D172C9F56E3003742B4 /* AppDelegate.swift in Sources */ = {isa = PBXBuildFile; fileRef = 01014D162C9F56E3003742B4 /* AppDelegate.swift */; };
		01014D192C9F56E3003742B4 /* SceneDelegate.swift in Sources */ = {isa = PBXBuildFile; fileRef = 01014D182C9F56E3003742B4 /* SceneDelegate.swift */; };
		01014D202C9F56E3003742B4 /* Assets.xcassets in Resources */ = {isa = PBXBuildFile; fileRef = 01014D1F2C9F56E3003742B4 /* Assets.xcassets */; };
		01014D232C9F56E3003742B4 /* Base in Resources */ = {isa = PBXBuildFile; fileRef = 01014D222C9F56E3003742B4 /* Base */; };
		01014D352C9F6886003742B4 /* MainListViewController.xib in Resources */ = {isa = PBXBuildFile; fileRef = 01014D342C9F6886003742B4 /* MainListViewController.xib */; };
		01014D362C9F6886003742B4 /* MainListViewController.swift in Sources */ = {isa = PBXBuildFile; fileRef = 01014D332C9F6886003742B4 /* MainListViewController.swift */; };
		01014D392C9F6916003742B4 /* MainListCellViewController.xib in Resources */ = {isa = PBXBuildFile; fileRef = 01014D382C9F6916003742B4 /* MainListCellViewController.xib */; };
		01014D3A2C9F6916003742B4 /* MainListCellViewController.swift in Sources */ = {isa = PBXBuildFile; fileRef = 01014D372C9F6916003742B4 /* MainListCellViewController.swift */; };
		01014D3C2C9F86A7003742B4 /* Heroes.swift in Sources */ = {isa = PBXBuildFile; fileRef = 01014D3B2C9F86A7003742B4 /* Heroes.swift */; };
		01014D3F2C9FD644003742B4 /* UIImageView+Remote.swift in Sources */ = {isa = PBXBuildFile; fileRef = 01014D3E2C9FD644003742B4 /* UIImageView+Remote.swift */; };
		011B03132CA0774500A5E614 /* ball.png in Resources */ = {isa = PBXBuildFile; fileRef = 011B03122CA0774500A5E614 /* ball.png */; };
/* End PBXBuildFile section */

/* Begin PBXFileReference section */
		01014D132C9F56E3003742B4 /* DragonBallRCO.app */ = {isa = PBXFileReference; explicitFileType = wrapper.application; includeInIndex = 0; path = DragonBallRCO.app; sourceTree = BUILT_PRODUCTS_DIR; };
		01014D162C9F56E3003742B4 /* AppDelegate.swift */ = {isa = PBXFileReference; lastKnownFileType = sourcecode.swift; path = AppDelegate.swift; sourceTree = "<group>"; };
		01014D182C9F56E3003742B4 /* SceneDelegate.swift */ = {isa = PBXFileReference; lastKnownFileType = sourcecode.swift; path = SceneDelegate.swift; sourceTree = "<group>"; };
		01014D1F2C9F56E3003742B4 /* Assets.xcassets */ = {isa = PBXFileReference; lastKnownFileType = folder.assetcatalog; path = Assets.xcassets; sourceTree = "<group>"; };
		01014D222C9F56E3003742B4 /* Base */ = {isa = PBXFileReference; lastKnownFileType = file.storyboard; name = Base; path = Base.lproj/LaunchScreen.storyboard; sourceTree = "<group>"; };
		01014D242C9F56E3003742B4 /* Info.plist */ = {isa = PBXFileReference; lastKnownFileType = text.plist.xml; path = Info.plist; sourceTree = "<group>"; };
		01014D332C9F6886003742B4 /* MainListViewController.swift */ = {isa = PBXFileReference; lastKnownFileType = sourcecode.swift; path = MainListViewController.swift; sourceTree = "<group>"; };
		01014D342C9F6886003742B4 /* MainListViewController.xib */ = {isa = PBXFileReference; lastKnownFileType = file.xib; path = MainListViewController.xib; sourceTree = "<group>"; };
		01014D372C9F6916003742B4 /* MainListCellViewController.swift */ = {isa = PBXFileReference; lastKnownFileType = sourcecode.swift; path = MainListCellViewController.swift; sourceTree = "<group>"; };
		01014D382C9F6916003742B4 /* MainListCellViewController.xib */ = {isa = PBXFileReference; lastKnownFileType = file.xib; path = MainListCellViewController.xib; sourceTree = "<group>"; };
		01014D3B2C9F86A7003742B4 /* Heroes.swift */ = {isa = PBXFileReference; lastKnownFileType = sourcecode.swift; path = Heroes.swift; sourceTree = "<group>"; };
		01014D3E2C9FD644003742B4 /* UIImageView+Remote.swift */ = {isa = PBXFileReference; lastKnownFileType = sourcecode.swift; path = "UIImageView+Remote.swift"; sourceTree = "<group>"; };
		011B03122CA0774500A5E614 /* ball.png */ = {isa = PBXFileReference; lastKnownFileType = image.png; path = ball.png; sourceTree = "<group>"; };
/* End PBXFileReference section */

/* Begin PBXFrameworksBuildPhase section */
		01014D102C9F56E3003742B4 /* Frameworks */ = {
			isa = PBXFrameworksBuildPhase;
			buildActionMask = 2147483647;
			files = (
			);
			runOnlyForDeploymentPostprocessing = 0;
		};
/* End PBXFrameworksBuildPhase section */

/* Begin PBXGroup section */
		01014D0A2C9F56E3003742B4 = {
			isa = PBXGroup;
			children = (
				01014D152C9F56E3003742B4 /* DragonBallRCO */,
				01014D142C9F56E3003742B4 /* Products */,
			);
			sourceTree = "<group>";
		};
		01014D142C9F56E3003742B4 /* Products */ = {
			isa = PBXGroup;
			children = (
				01014D132C9F56E3003742B4 /* DragonBallRCO.app */,
			);
			name = Products;
			sourceTree = "<group>";
		};
		01014D152C9F56E3003742B4 /* DragonBallRCO */ = {
			isa = PBXGroup;
			children = (
				011B03112CA0773000A5E614 /* media */,
				01014D3D2C9FD632003742B4 /* Extensions */,
				01014D2E2C9F5790003742B4 /* Model */,
				01014D2B2C9F5776003742B4 /* Presentation */,
				01014D162C9F56E3003742B4 /* AppDelegate.swift */,
				01014D182C9F56E3003742B4 /* SceneDelegate.swift */,
				01014D1F2C9F56E3003742B4 /* Assets.xcassets */,
				01014D212C9F56E3003742B4 /* LaunchScreen.storyboard */,
				01014D242C9F56E3003742B4 /* Info.plist */,
			);
			path = DragonBallRCO;
			sourceTree = "<group>";
		};
		01014D2B2C9F5776003742B4 /* Presentation */ = {
			isa = PBXGroup;
			children = (
				01014D2D2C9F5786003742B4 /* Controller */,
				01014D2C2C9F577F003742B4 /* View */,
			);
			path = Presentation;
			sourceTree = "<group>";
		};
		01014D2C2C9F577F003742B4 /* View */ = {
			isa = PBXGroup;
			children = (
				01014D342C9F6886003742B4 /* MainListViewController.xib */,
				01014D372C9F6916003742B4 /* MainListCellViewController.swift */,
				01014D382C9F6916003742B4 /* MainListCellViewController.xib */,
			);
			path = View;
			sourceTree = "<group>";
		};
		01014D2D2C9F5786003742B4 /* Controller */ = {
			isa = PBXGroup;
			children = (
				01014D332C9F6886003742B4 /* MainListViewController.swift */,
			);
			path = Controller;
			sourceTree = "<group>";
		};
		01014D2E2C9F5790003742B4 /* Model */ = {
			isa = PBXGroup;
			children = (
				01014D3B2C9F86A7003742B4 /* Heroes.swift */,
			);
			path = Model;
			sourceTree = "<group>";
		};
		01014D3D2C9FD632003742B4 /* Extensions */ = {
			isa = PBXGroup;
			children = (
				01014D3E2C9FD644003742B4 /* UIImageView+Remote.swift */,
			);
			path = Extensions;
			sourceTree = "<group>";
		};
		011B03112CA0773000A5E614 /* media */ = {
			isa = PBXGroup;
			children = (
				011B03122CA0774500A5E614 /* ball.png */,
			);
			path = media;
			sourceTree = "<group>";
		};
/* End PBXGroup section */

/* Begin PBXNativeTarget section */
		01014D122C9F56E3003742B4 /* DragonBallRCO */ = {
			isa = PBXNativeTarget;
			buildConfigurationList = 01014D272C9F56E3003742B4 /* Build configuration list for PBXNativeTarget "DragonBallRCO" */;
			buildPhases = (
				01014D0F2C9F56E3003742B4 /* Sources */,
				01014D102C9F56E3003742B4 /* Frameworks */,
				01014D112C9F56E3003742B4 /* Resources */,
			);
			buildRules = (
			);
			dependencies = (
			);
			name = DragonBallRCO;
			productName = DragonBallRCO;
			productReference = 01014D132C9F56E3003742B4 /* DragonBallRCO.app */;
			productType = "com.apple.product-type.application";
		};
/* End PBXNativeTarget section */

/* Begin PBXProject section */
		01014D0B2C9F56E3003742B4 /* Project object */ = {
			isa = PBXProject;
			attributes = {
				BuildIndependentTargetsInParallel = 1;
				LastSwiftUpdateCheck = 1540;
				LastUpgradeCheck = 1540;
				TargetAttributes = {
					01014D122C9F56E3003742B4 = {
						CreatedOnToolsVersion = 15.4;
					};
				};
			};
			buildConfigurationList = 01014D0E2C9F56E3003742B4 /* Build configuration list for PBXProject "DragonBallRCO" */;
			compatibilityVersion = "Xcode 14.0";
			developmentRegion = en;
			hasScannedForEncodings = 0;
			knownRegions = (
				en,
				Base,
			);
			mainGroup = 01014D0A2C9F56E3003742B4;
			productRefGroup = 01014D142C9F56E3003742B4 /* Products */;
			projectDirPath = "";
			projectRoot = "";
			targets = (
				01014D122C9F56E3003742B4 /* DragonBallRCO */,
			);
		};
/* End PBXProject section */

/* Begin PBXResourcesBuildPhase section */
		01014D112C9F56E3003742B4 /* Resources */ = {
			isa = PBXResourcesBuildPhase;
			buildActionMask = 2147483647;
			files = (
				01014D352C9F6886003742B4 /* MainListViewController.xib in Resources */,
				011B03132CA0774500A5E614 /* ball.png in Resources */,
				01014D202C9F56E3003742B4 /* Assets.xcassets in Resources */,
				01014D232C9F56E3003742B4 /* Base in Resources */,
				01014D392C9F6916003742B4 /* MainListCellViewController.xib in Resources */,
			);
			runOnlyForDeploymentPostprocessing = 0;
		};
/* End PBXResourcesBuildPhase section */

/* Begin PBXSourcesBuildPhase section */
		01014D0F2C9F56E3003742B4 /* Sources */ = {
			isa = PBXSourcesBuildPhase;
			buildActionMask = 2147483647;
			files = (
				01014D3F2C9FD644003742B4 /* UIImageView+Remote.swift in Sources */,
				01014D362C9F6886003742B4 /* MainListViewController.swift in Sources */,
				01014D172C9F56E3003742B4 /* AppDelegate.swift in Sources */,
				01014D3A2C9F6916003742B4 /* MainListCellViewController.swift in Sources */,
				01014D3C2C9F86A7003742B4 /* Heroes.swift in Sources */,
				01014D192C9F56E3003742B4 /* SceneDelegate.swift in Sources */,
			);
			runOnlyForDeploymentPostprocessing = 0;
		};
/* End PBXSourcesBuildPhase section */

/* Begin PBXVariantGroup section */
		01014D212C9F56E3003742B4 /* LaunchScreen.storyboard */ = {
			isa = PBXVariantGroup;
			children = (
				01014D222C9F56E3003742B4 /* Base */,
			);
			name = LaunchScreen.storyboard;
			sourceTree = "<group>";
		};
/* End PBXVariantGroup section */

/* Begin XCBuildConfiguration section */
		01014D252C9F56E3003742B4 /* Debug */ = {
			isa = XCBuildConfiguration;
			buildSettings = {
				ALWAYS_SEARCH_USER_PATHS = NO;
				ASSETCATALOG_COMPILER_GENERATE_SWIFT_ASSET_SYMBOL_EXTENSIONS = YES;
				CLANG_ANALYZER_NONNULL = YES;
				CLANG_ANALYZER_NUMBER_OBJECT_CONVERSION = YES_AGGRESSIVE;
				CLANG_CXX_LANGUAGE_STANDARD = "gnu++20";
				CLANG_ENABLE_MODULES = YES;
				CLANG_ENABLE_OBJC_ARC = YES;
				CLANG_ENABLE_OBJC_WEAK = YES;
				CLANG_WARN_BLOCK_CAPTURE_AUTORELEASING = YES;
				CLANG_WARN_BOOL_CONVERSION = YES;
				CLANG_WARN_COMMA = YES;
				CLANG_WARN_CONSTANT_CONVERSION = YES;
				CLANG_WARN_DEPRECATED_OBJC_IMPLEMENTATIONS = YES;
				CLANG_WARN_DIRECT_OBJC_ISA_USAGE = YES_ERROR;
				CLANG_WARN_DOCUMENTATION_COMMENTS = YES;
				CLANG_WARN_EMPTY_BODY = YES;
				CLANG_WARN_ENUM_CONVERSION = YES;
				CLANG_WARN_INFINITE_RECURSION = YES;
				CLANG_WARN_INT_CONVERSION = YES;
				CLANG_WARN_NON_LITERAL_NULL_CONVERSION = YES;
				CLANG_WARN_OBJC_IMPLICIT_RETAIN_SELF = YES;
				CLANG_WARN_OBJC_LITERAL_CONVERSION = YES;
				CLANG_WARN_OBJC_ROOT_CLASS = YES_ERROR;
				CLANG_WARN_QUOTED_INCLUDE_IN_FRAMEWORK_HEADER = YES;
				CLANG_WARN_RANGE_LOOP_ANALYSIS = YES;
				CLANG_WARN_STRICT_PROTOTYPES = YES;
				CLANG_WARN_SUSPICIOUS_MOVE = YES;
				CLANG_WARN_UNGUARDED_AVAILABILITY = YES_AGGRESSIVE;
				CLANG_WARN_UNREACHABLE_CODE = YES;
				CLANG_WARN__DUPLICATE_METHOD_MATCH = YES;
				COPY_PHASE_STRIP = NO;
				DEBUG_INFORMATION_FORMAT = dwarf;
				ENABLE_STRICT_OBJC_MSGSEND = YES;
				ENABLE_TESTABILITY = YES;
				ENABLE_USER_SCRIPT_SANDBOXING = YES;
				GCC_C_LANGUAGE_STANDARD = gnu17;
				GCC_DYNAMIC_NO_PIC = NO;
				GCC_NO_COMMON_BLOCKS = YES;
				GCC_OPTIMIZATION_LEVEL = 0;
				GCC_PREPROCESSOR_DEFINITIONS = (
					"DEBUG=1",
					"$(inherited)",
				);
				GCC_WARN_64_TO_32_BIT_CONVERSION = YES;
				GCC_WARN_ABOUT_RETURN_TYPE = YES_ERROR;
				GCC_WARN_UNDECLARED_SELECTOR = YES;
				GCC_WARN_UNINITIALIZED_AUTOS = YES_AGGRESSIVE;
				GCC_WARN_UNUSED_FUNCTION = YES;
				GCC_WARN_UNUSED_VARIABLE = YES;
				IPHONEOS_DEPLOYMENT_TARGET = 17.5;
				LOCALIZATION_PREFERS_STRING_CATALOGS = YES;
				MTL_ENABLE_DEBUG_INFO = INCLUDE_SOURCE;
				MTL_FAST_MATH = YES;
				ONLY_ACTIVE_ARCH = YES;
				SDKROOT = iphoneos;
				SWIFT_ACTIVE_COMPILATION_CONDITIONS = "DEBUG $(inherited)";
				SWIFT_OPTIMIZATION_LEVEL = "-Onone";
			};
			name = Debug;
		};
		01014D262C9F56E3003742B4 /* Release */ = {
			isa = XCBuildConfiguration;
			buildSettings = {
				ALWAYS_SEARCH_USER_PATHS = NO;
				ASSETCATALOG_COMPILER_GENERATE_SWIFT_ASSET_SYMBOL_EXTENSIONS = YES;
				CLANG_ANALYZER_NONNULL = YES;
				CLANG_ANALYZER_NUMBER_OBJECT_CONVERSION = YES_AGGRESSIVE;
				CLANG_CXX_LANGUAGE_STANDARD = "gnu++20";
				CLANG_ENABLE_MODULES = YES;
				CLANG_ENABLE_OBJC_ARC = YES;
				CLANG_ENABLE_OBJC_WEAK = YES;
				CLANG_WARN_BLOCK_CAPTURE_AUTORELEASING = YES;
				CLANG_WARN_BOOL_CONVERSION = YES;
				CLANG_WARN_COMMA = YES;
				CLANG_WARN_CONSTANT_CONVERSION = YES;
				CLANG_WARN_DEPRECATED_OBJC_IMPLEMENTATIONS = YES;
				CLANG_WARN_DIRECT_OBJC_ISA_USAGE = YES_ERROR;
				CLANG_WARN_DOCUMENTATION_COMMENTS = YES;
				CLANG_WARN_EMPTY_BODY = YES;
				CLANG_WARN_ENUM_CONVERSION = YES;
				CLANG_WARN_INFINITE_RECURSION = YES;
				CLANG_WARN_INT_CONVERSION = YES;
				CLANG_WARN_NON_LITERAL_NULL_CONVERSION = YES;
				CLANG_WARN_OBJC_IMPLICIT_RETAIN_SELF = YES;
				CLANG_WARN_OBJC_LITERAL_CONVERSION = YES;
				CLANG_WARN_OBJC_ROOT_CLASS = YES_ERROR;
				CLANG_WARN_QUOTED_INCLUDE_IN_FRAMEWORK_HEADER = YES;
				CLANG_WARN_RANGE_LOOP_ANALYSIS = YES;
				CLANG_WARN_STRICT_PROTOTYPES = YES;
				CLANG_WARN_SUSPICIOUS_MOVE = YES;
				CLANG_WARN_UNGUARDED_AVAILABILITY = YES_AGGRESSIVE;
				CLANG_WARN_UNREACHABLE_CODE = YES;
				CLANG_WARN__DUPLICATE_METHOD_MATCH = YES;
				COPY_PHASE_STRIP = NO;
				DEBUG_INFORMATION_FORMAT = "dwarf-with-dsym";
				ENABLE_NS_ASSERTIONS = NO;
				ENABLE_STRICT_OBJC_MSGSEND = YES;
				ENABLE_USER_SCRIPT_SANDBOXING = YES;
				GCC_C_LANGUAGE_STANDARD = gnu17;
				GCC_NO_COMMON_BLOCKS = YES;
				GCC_WARN_64_TO_32_BIT_CONVERSION = YES;
				GCC_WARN_ABOUT_RETURN_TYPE = YES_ERROR;
				GCC_WARN_UNDECLARED_SELECTOR = YES;
				GCC_WARN_UNINITIALIZED_AUTOS = YES_AGGRESSIVE;
				GCC_WARN_UNUSED_FUNCTION = YES;
				GCC_WARN_UNUSED_VARIABLE = YES;
				IPHONEOS_DEPLOYMENT_TARGET = 17.5;
				LOCALIZATION_PREFERS_STRING_CATALOGS = YES;
				MTL_ENABLE_DEBUG_INFO = NO;
				MTL_FAST_MATH = YES;
				SDKROOT = iphoneos;
				SWIFT_COMPILATION_MODE = wholemodule;
				VALIDATE_PRODUCT = YES;
			};
			name = Release;
		};
		01014D282C9F56E3003742B4 /* Debug */ = {
			isa = XCBuildConfiguration;
			buildSettings = {
				ASSETCATALOG_COMPILER_APPICON_NAME = AppIcon;
				ASSETCATALOG_COMPILER_GLOBAL_ACCENT_COLOR_NAME = AccentColor;
				CODE_SIGN_STYLE = Automatic;
				CURRENT_PROJECT_VERSION = 1;
				GENERATE_INFOPLIST_FILE = YES;
				INFOPLIST_FILE = DragonBallRCO/Info.plist;
				INFOPLIST_KEY_UIApplicationSupportsIndirectInputEvents = YES;
				INFOPLIST_KEY_UILaunchStoryboardName = LaunchScreen;
				INFOPLIST_KEY_UIMainStoryboardFile = "";
				INFOPLIST_KEY_UISupportedInterfaceOrientations_iPad = "UIInterfaceOrientationPortrait UIInterfaceOrientationPortraitUpsideDown UIInterfaceOrientationLandscapeLeft UIInterfaceOrientationLandscapeRight";
				INFOPLIST_KEY_UISupportedInterfaceOrientations_iPhone = "UIInterfaceOrientationPortrait UIInterfaceOrientationLandscapeLeft UIInterfaceOrientationLandscapeRight";
				LD_RUNPATH_SEARCH_PATHS = (
					"$(inherited)",
					"@executable_path/Frameworks",
				);
				MARKETING_VERSION = 1.0;
				PRODUCT_BUNDLE_IDENTIFIER = YRCO.DragonBallRCO;
				PRODUCT_NAME = "$(TARGET_NAME)";
				SWIFT_EMIT_LOC_STRINGS = YES;
				SWIFT_VERSION = 5.0;
				TARGETED_DEVICE_FAMILY = "1,2";
			};
			name = Debug;
		};
		01014D292C9F56E3003742B4 /* Release */ = {
			isa = XCBuildConfiguration;
			buildSettings = {
				ASSETCATALOG_COMPILER_APPICON_NAME = AppIcon;
				ASSETCATALOG_COMPILER_GLOBAL_ACCENT_COLOR_NAME = AccentColor;
				CODE_SIGN_STYLE = Automatic;
				CURRENT_PROJECT_VERSION = 1;
				GENERATE_INFOPLIST_FILE = YES;
				INFOPLIST_FILE = DragonBallRCO/Info.plist;
				INFOPLIST_KEY_UIApplicationSupportsIndirectInputEvents = YES;
				INFOPLIST_KEY_UILaunchStoryboardName = LaunchScreen;
				INFOPLIST_KEY_UIMainStoryboardFile = "";
				INFOPLIST_KEY_UISupportedInterfaceOrientations_iPad = "UIInterfaceOrientationPortrait UIInterfaceOrientationPortraitUpsideDown UIInterfaceOrientationLandscapeLeft UIInterfaceOrientationLandscapeRight";
				INFOPLIST_KEY_UISupportedInterfaceOrientations_iPhone = "UIInterfaceOrientationPortrait UIInterfaceOrientationLandscapeLeft UIInterfaceOrientationLandscapeRight";
				LD_RUNPATH_SEARCH_PATHS = (
					"$(inherited)",
					"@executable_path/Frameworks",
				);
				MARKETING_VERSION = 1.0;
				PRODUCT_BUNDLE_IDENTIFIER = YRCO.DragonBallRCO;
				PRODUCT_NAME = "$(TARGET_NAME)";
				SWIFT_EMIT_LOC_STRINGS = YES;
				SWIFT_VERSION = 5.0;
				TARGETED_DEVICE_FAMILY = "1,2";
			};
			name = Release;
		};
/* End XCBuildConfiguration section */

/* Begin XCConfigurationList section */
		01014D0E2C9F56E3003742B4 /* Build configuration list for PBXProject "DragonBallRCO" */ = {
			isa = XCConfigurationList;
			buildConfigurations = (
				01014D252C9F56E3003742B4 /* Debug */,
				01014D262C9F56E3003742B4 /* Release */,
			);
			defaultConfigurationIsVisible = 0;
			defaultConfigurationName = Release;
		};
		01014D272C9F56E3003742B4 /* Build configuration list for PBXNativeTarget "DragonBallRCO" */ = {
			isa = XCConfigurationList;
			buildConfigurations = (
				01014D282C9F56E3003742B4 /* Debug */,
				01014D292C9F56E3003742B4 /* Release */,
			);
			defaultConfigurationIsVisible = 0;
			defaultConfigurationName = Release;
		};
/* End XCConfigurationList section */
	};
	rootObject = 01014D0B2C9F56E3003742B4 /* Project object */;
}
